<Solution>
    <Folder Name="/Src/">
        <Project Path="Src/Analyzers/HasFlagExtension.Analyzers.csproj" />
        <Project Path="Src/CodeFixes/HasFlagExtension.CodeFixes.csproj" />
        <Project Path="Src/Generator/HasFlagExtension.Generator.csproj" />
    </Folder>

    <Folder Name="/Tests/">
        <Project Path="Tests/HasFlagExtension.Tests.csproj" />
    </Folder>
    
    <Folder Name="/Samples/">
        <Project Path="Samples/HasFlagExtension.Sample.csproj" />
    </Folder>
</Solution>